<?xml version="1.0" encoding="utf-8"?>
<Project ToolsVersion="4.0" xmlns="http://schemas.microsoft.com/developer/msbuild/2003">
  <ItemGroup>
    <Filter Include="Header Files">
      <UniqueIdentifier>{fc78b392-b022-4271-bf8a-5237ae9e3998}</UniqueIdentifier>
      <Extensions>h;hpp;hxx;hm;inl</Extensions>
    </Filter>
    <Filter Include="Source Files">
      <UniqueIdentifier>{2475900c-b142-4b19-84cd-c950e8f20c2a}</UniqueIdentifier>
      <Extensions>cpp;c;cxx;rc;def;r;odl;idl;hpj;bat</Extensions>
    </Filter>
  </ItemGroup>
  <ItemGroup>
    <ClCompile Include="..\src\ANTLRUtil.cpp">
      <Filter>Source Files</Filter>
    </ClCompile>
    <ClCompile Include="..\src\ASTFactory.cpp">
      <Filter>Source Files</Filter>
    </ClCompile>
    <ClCompile Include="..\src\ASTNULLType.cpp">
      <Filter>Source Files</Filter>
    </ClCompile>
    <ClCompile Include="..\src\ASTRefCount.cpp">
      <Filter>Source Files</Filter>
    </ClCompile>
    <ClCompile Include="..\src\BaseAST.cpp">
      <Filter>Source Files</Filter>
    </ClCompile>
    <ClCompile Include="..\src\BitSet.cpp">
      <Filter>Source Files</Filter>
    </ClCompile>
    <ClCompile Include="..\src\CharBuffer.cpp">
      <Filter>Source Files</Filter>
    </ClCompile>
    <ClCompile Include="..\src\CharScanner.cpp">
      <Filter>Source Files</Filter>
    </ClCompile>
    <ClCompile Include="..\src\CommonAST.cpp">
      <Filter>Source Files</Filter>
    </ClCompile>
    <ClCompile Include="..\src\CommonASTWithHiddenTokens.cpp">
      <Filter>Source Files</Filter>
    </ClCompile>
    <ClCompile Include="..\src\CommonHiddenStreamToken.cpp">
      <Filter>Source Files</Filter>
    </ClCompile>
    <ClCompile Include="..\src\CommonToken.cpp">
      <Filter>Source Files</Filter>
    </ClCompile>
    <ClCompile Include="..\src\InputBuffer.cpp">
      <Filter>Source Files</Filter>
    </ClCompile>
    <ClCompile Include="..\src\LLkParser.cpp">
      <Filter>Source Files</Filter>
    </ClCompile>
    <ClCompile Include="..\src\MismatchedCharException.cpp">
      <Filter>Source Files</Filter>
    </ClCompile>
    <ClCompile Include="..\src\MismatchedTokenException.cpp">
      <Filter>Source Files</Filter>
    </ClCompile>
    <ClCompile Include="..\src\NoViableAltException.cpp">
      <Filter>Source Files</Filter>
    </ClCompile>
    <ClCompile Include="..\src\NoViableAltForCharException.cpp">
      <Filter>Source Files</Filter>
    </ClCompile>
    <ClCompile Include="..\src\Parser.cpp">
      <Filter>Source Files</Filter>
    </ClCompile>
    <ClCompile Include="..\src\RecognitionException.cpp">
      <Filter>Source Files</Filter>
    </ClCompile>
    <ClCompile Include="..\src\String.cpp">
      <Filter>Source Files</Filter>
    </ClCompile>
    <ClCompile Include="..\src\Token.cpp">
      <Filter>Source Files</Filter>
    </ClCompile>
    <ClCompile Include="..\src\TokenBuffer.cpp">
      <Filter>Source Files</Filter>
    </ClCompile>
    <ClCompile Include="..\src\TokenRefCount.cpp">
      <Filter>Source Files</Filter>
    </ClCompile>
    <ClCompile Include="..\src\TokenStreamBasicFilter.cpp">
      <Filter>Source Files</Filter>
    </ClCompile>
    <ClCompile Include="..\src\TokenStreamHiddenTokenFilter.cpp">
      <Filter>Source Files</Filter>
    </ClCompile>
    <ClCompile Include="..\src\TokenStreamRewriteEngine.cpp">
      <Filter>Source Files</Filter>
    </ClCompile>
    <ClCompile Include="..\src\TokenStreamSelector.cpp">
      <Filter>Source Files</Filter>
    </ClCompile>
    <ClCompile Include="..\src\TreeParser.cpp">
      <Filter>Source Files</Filter>
    </ClCompile>
  </ItemGroup>
  <ItemGroup>
    <ClInclude Include="..\antlr\ANTLRException.hpp">
      <Filter>Header Files</Filter>
    </ClInclude>
    <ClInclude Include="..\antlr\ANTLRUtil.hpp">
      <Filter>Header Files</Filter>
    </ClInclude>
    <ClInclude Include="..\antlr\AST.hpp">
      <Filter>Header Files</Filter>
    </ClInclude>
    <ClInclude Include="..\antlr\ASTArray.hpp">
      <Filter>Header Files</Filter>
    </ClInclude>
    <ClInclude Include="..\antlr\ASTFactory.hpp">
      <Filter>Header Files</Filter>
    </ClInclude>
    <ClInclude Include="..\antlr\ASTNULLType.hpp">
      <Filter>Header Files</Filter>
    </ClInclude>
    <ClInclude Include="..\antlr\ASTPair.hpp">
      <Filter>Header Files</Filter>
    </ClInclude>
    <ClInclude Include="..\antlr\ASTRefCount.hpp">
      <Filter>Header Files</Filter>
    </ClInclude>
    <ClInclude Include="..\antlr\BaseAST.hpp">
      <Filter>Header Files</Filter>
    </ClInclude>
    <ClInclude Include="..\antlr\BitSet.hpp">
      <Filter>Header Files</Filter>
    </ClInclude>
    <ClInclude Include="..\antlr\CharBuffer.hpp">
      <Filter>Header Files</Filter>
    </ClInclude>
    <ClInclude Include="..\antlr\CharInputBuffer.hpp">
      <Filter>Header Files</Filter>
    </ClInclude>
    <ClInclude Include="..\antlr\CharScanner.hpp">
      <Filter>Header Files</Filter>
    </ClInclude>
    <ClInclude Include="..\antlr\CharStreamException.hpp">
      <Filter>Header Files</Filter>
    </ClInclude>
    <ClInclude Include="..\antlr\CharStreamIOException.hpp">
      <Filter>Header Files</Filter>
    </ClInclude>
    <ClInclude Include="..\antlr\CircularQueue.hpp">
      <Filter>Header Files</Filter>
    </ClInclude>
    <ClInclude Include="..\antlr\CommonAST.hpp">
      <Filter>Header Files</Filter>
    </ClInclude>
    <ClInclude Include="..\antlr\CommonASTWithHiddenTokens.hpp">
      <Filter>Header Files</Filter>
    </ClInclude>
    <ClInclude Include="..\antlr\CommonHiddenStreamToken.hpp">
      <Filter>Header Files</Filter>
    </ClInclude>
    <ClInclude Include="..\antlr\CommonToken.hpp">
      <Filter>Header Files</Filter>
    </ClInclude>
    <ClInclude Include="..\antlr\config.hpp">
      <Filter>Header Files</Filter>
    </ClInclude>
    <ClInclude Include="..\antlr\InputBuffer.hpp">
      <Filter>Header Files</Filter>
    </ClInclude>
    <ClInclude Include="..\antlr\IOException.hpp">
      <Filter>Header Files</Filter>
    </ClInclude>
    <ClInclude Include="..\antlr\LexerSharedInputState.hpp">
      <Filter>Header Files</Filter>
    </ClInclude>
    <ClInclude Include="..\antlr\LLkParser.hpp">
      <Filter>Header Files</Filter>
    </ClInclude>
    <ClInclude Include="..\antlr\MismatchedCharException.hpp">
      <Filter>Header Files</Filter>
    </ClInclude>
    <ClInclude Include="..\antlr\MismatchedTokenException.hpp">
      <Filter>Header Files</Filter>
    </ClInclude>
    <ClInclude Include="..\antlr\NoViableAltException.hpp">
      <Filter>Header Files</Filter>
    </ClInclude>
    <ClInclude Include="..\antlr\NoViableAltForCharException.hpp">
      <Filter>Header Files</Filter>
    </ClInclude>
    <ClInclude Include="..\antlr\Parser.hpp">
      <Filter>Header Files</Filter>
    </ClInclude>
    <ClInclude Include="..\antlr\ParserSharedInputState.hpp">
      <Filter>Header Files</Filter>
    </ClInclude>
    <ClInclude Include="..\antlr\RecognitionException.hpp">
      <Filter>Header Files</Filter>
    </ClInclude>
    <ClInclude Include="..\antlr\RefCount.hpp">
      <Filter>Header Files</Filter>
    </ClInclude>
    <ClInclude Include="..\antlr\SemanticException.hpp">
      <Filter>Header Files</Filter>
    </ClInclude>
    <ClInclude Include="..\antlr\String.hpp">
      <Filter>Header Files</Filter>
    </ClInclude>
    <ClInclude Include="..\antlr\Token.hpp">
      <Filter>Header Files</Filter>
    </ClInclude>
    <ClInclude Include="..\antlr\TokenBuffer.hpp">
      <Filter>Header Files</Filter>
    </ClInclude>
    <ClInclude Include="..\antlr\TokenRefCount.hpp">
      <Filter>Header Files</Filter>
    </ClInclude>
    <ClInclude Include="..\antlr\TokenStream.hpp">
      <Filter>Header Files</Filter>
    </ClInclude>
    <ClInclude Include="..\antlr\TokenStreamBasicFilter.hpp">
      <Filter>Header Files</Filter>
    </ClInclude>
    <ClInclude Include="..\antlr\TokenStreamException.hpp">
      <Filter>Header Files</Filter>
    </ClInclude>
    <ClInclude Include="..\antlr\TokenStreamHiddenTokenFilter.hpp">
      <Filter>Header Files</Filter>
    </ClInclude>
    <ClInclude Include="..\antlr\TokenStreamIOException.hpp">
      <Filter>Header Files</Filter>
    </ClInclude>
    <ClInclude Include="..\antlr\TokenStreamRecognitionException.hpp">
      <Filter>Header Files</Filter>
    </ClInclude>
    <ClInclude Include="..\antlr\TokenStreamRetryException.hpp">
      <Filter>Header Files</Filter>
    </ClInclude>
    <ClInclude Include="..\antlr\TokenStreamRewriteEngine.hpp">
      <Filter>Header Files</Filter>
    </ClInclude>
    <ClInclude Include="..\antlr\TokenStreamSelector.hpp">
      <Filter>Header Files</Filter>
    </ClInclude>
    <ClInclude Include="..\antlr\TokenWithIndex.hpp">
      <Filter>Header Files</Filter>
    </ClInclude>
    <ClInclude Include="..\antlr\TreeParser.hpp">
      <Filter>Header Files</Filter>
    </ClInclude>
    <ClInclude Include="..\antlr\TreeParserSharedInputState.hpp">
      <Filter>Header Files</Filter>
    </ClInclude>
  </ItemGroup>
</Project>